
Microsoft Visual Studio Solution File, Format Version 12.00
# Visual Studio Version 17
VisualStudioVersion = 17.0.32014.148
MinimumVisualStudioVersion = 10.0.40219.1
Project("{FAE04EC0-301F-11D3-BF4B-00C04F79EFBC}") = "SimpleApp", "SimpleApp\SimpleApp.csproj", "{5950391E-3CB8-4DEF-9AF1-07F377946B1F}"
EndProject
Global
	GlobalSection(SolutionConfigurationPlatforms) = preSolution
		Debug|Any CPU = Debug|Any CPU
		Release|Any CPU = Release|Any CPU
	EndGlobalSection
	GlobalSection(ProjectConfigurationPlatforms) = postSolution
		{5950391E-3CB8-4DEF-9AF1-07F377946B1F}.Debug|Any CPU.ActiveCfg = Debug|Any CPU
		{5950391E-3CB8-4DEF-9AF1-07F377946B1F}.Debug|Any CPU.Build.0 = Debug|Any CPU
		{5950391E-3CB8-4DEF-9AF1-07F377946B1F}.Release|Any CPU.ActiveCfg = Release|Any CPU
		{5950391E-3CB8-4DEF-9AF1-07F377946B1F}.Release|Any CPU.Build.0 = Release|Any CPU
	EndGlobalSection
	GlobalSection(SolutionProperties) = preSolution
		HideSolutionNode = FALSE
	EndGlobalSection
	GlobalSection(ExtensibilityGlobals) = postSolution
		SolutionGuid = {C742FE36-A58A-41F3-9A2E-E047FFFE52A4}
	EndGlobalSection
EndGlobal
